
Microsoft Visual Studio Solution File, Format Version 12.00
# Visual Studio Version 17
VisualStudioVersion = 17.10.35027.167
MinimumVisualStudioVersion = 10.0.40219.1
Project("{FAE04EC0-301F-11D3-BF4B-00C04F79EFBC}") = "CalculatorPrj", "CalculatorPrj.csproj", "{B2858321-68AF-4E5F-A965-D0C4D80880DB}"
EndProject
Project("{FAE04EC0-301F-11D3-BF4B-00C04F79EFBC}") = "CalcTest", "..\CalcTest\CalcTest.csproj", "{96DB5F83-5D83-410C-B051-2143E7CA3D03}"
EndProject
Global
	GlobalSection(SolutionConfigurationPlatforms) = preSolution
		Debug|Any CPU = Debug|Any CPU
		Release|Any CPU = Release|Any CPU
	EndGlobalSection
	GlobalSection(ProjectConfigurationPlatforms) = postSolution
		{B2858321-68AF-4E5F-A965-D0C4D80880DB}.Debug|Any CPU.ActiveCfg = Debug|Any CPU
		{B2858321-68AF-4E5F-A965-D0C4D80880DB}.Debug|Any CPU.Build.0 = Debug|Any CPU
		{B2858321-68AF-4E5F-A965-D0C4D80880DB}.Release|Any CPU.ActiveCfg = Release|Any CPU
		{B2858321-68AF-4E5F-A965-D0C4D80880DB}.Release|Any CPU.Build.0 = Release|Any CPU
		{96DB5F83-5D83-410C-B051-2143E7CA3D03}.Debug|Any CPU.ActiveCfg = Debug|Any CPU
		{96DB5F83-5D83-410C-B051-2143E7CA3D03}.Debug|Any CPU.Build.0 = Debug|Any CPU
		{96DB5F83-5D83-410C-B051-2143E7CA3D03}.Release|Any CPU.ActiveCfg = Release|Any CPU
		{96DB5F83-5D83-410C-B051-2143E7CA3D03}.Release|Any CPU.Build.0 = Release|Any CPU
	EndGlobalSection
	GlobalSection(SolutionProperties) = preSolution
		HideSolutionNode = FALSE
	EndGlobalSection
	GlobalSection(ExtensibilityGlobals) = postSolution
		SolutionGuid = {BD45E773-2ED5-407E-AEEF-5C5EAB4E2D76}
	EndGlobalSection
EndGlobal
