
Microsoft Visual Studio Solution File, Format Version 12.00
# Visual Studio Version 17
VisualStudioVersion = 17.10.35027.167
MinimumVisualStudioVersion = 10.0.40219.1
Project("{FAE04EC0-301F-11D3-BF4B-00C04F79EFBC}") = "OOPSEg", "OOPSEg.csproj", "{95711D81-2B75-4BE1-B1FE-431B28258AEC}"
EndProject
Global
	GlobalSection(SolutionConfigurationPlatforms) = preSolution
		Debug|Any CPU = Debug|Any CPU
		Release|Any CPU = Release|Any CPU
	EndGlobalSection
	GlobalSection(ProjectConfigurationPlatforms) = postSolution
		{95711D81-2B75-4BE1-B1FE-431B28258AEC}.Debug|Any CPU.ActiveCfg = Debug|Any CPU
		{95711D81-2B75-4BE1-B1FE-431B28258AEC}.Debug|Any CPU.Build.0 = Debug|Any CPU
		{95711D81-2B75-4BE1-B1FE-431B28258AEC}.Release|Any CPU.ActiveCfg = Release|Any CPU
		{95711D81-2B75-4BE1-B1FE-431B28258AEC}.Release|Any CPU.Build.0 = Release|Any CPU
	EndGlobalSection
	GlobalSection(SolutionProperties) = preSolution
		HideSolutionNode = FALSE
	EndGlobalSection
	GlobalSection(ExtensibilityGlobals) = postSolution
		SolutionGuid = {B1C277E4-F09D-4B64-8277-F9B17077F091}
	EndGlobalSection
EndGlobal
