
Microsoft Visual Studio Solution File, Format Version 12.00
# Visual Studio Version 17
VisualStudioVersion = 17.10.35027.167
MinimumVisualStudioVersion = 10.0.40219.1
Project("{FAE04EC0-301F-11D3-BF4B-00C04F79EFBC}") = "Testlib", "Testlib.csproj", "{8DC320DF-17F5-4017-8F66-ABCC424C5726}"
EndProject
Global
	GlobalSection(SolutionConfigurationPlatforms) = preSolution
		Debug|Any CPU = Debug|Any CPU
		Release|Any CPU = Release|Any CPU
	EndGlobalSection
	GlobalSection(ProjectConfigurationPlatforms) = postSolution
		{8DC320DF-17F5-4017-8F66-ABCC424C5726}.Debug|Any CPU.ActiveCfg = Debug|Any CPU
		{8DC320DF-17F5-4017-8F66-ABCC424C5726}.Debug|Any CPU.Build.0 = Debug|Any CPU
		{8DC320DF-17F5-4017-8F66-ABCC424C5726}.Release|Any CPU.ActiveCfg = Release|Any CPU
		{8DC320DF-17F5-4017-8F66-ABCC424C5726}.Release|Any CPU.Build.0 = Release|Any CPU
	EndGlobalSection
	GlobalSection(SolutionProperties) = preSolution
		HideSolutionNode = FALSE
	EndGlobalSection
	GlobalSection(ExtensibilityGlobals) = postSolution
		SolutionGuid = {975CDA19-E466-4404-8A79-D0DF7092438D}
	EndGlobalSection
EndGlobal
