
Microsoft Visual Studio Solution File, Format Version 12.00
# Visual Studio Version 17
VisualStudioVersion = 17.10.35027.167
MinimumVisualStudioVersion = 10.0.40219.1
Project("{FAE04EC0-301F-11D3-BF4B-00C04F79EFBC}") = "GenericsEg", "GenericsEg.csproj", "{D61591FE-A947-41B0-8902-D088DB5794BF}"
EndProject
Global
	GlobalSection(SolutionConfigurationPlatforms) = preSolution
		Debug|Any CPU = Debug|Any CPU
		Release|Any CPU = Release|Any CPU
	EndGlobalSection
	GlobalSection(ProjectConfigurationPlatforms) = postSolution
		{D61591FE-A947-41B0-8902-D088DB5794BF}.Debug|Any CPU.ActiveCfg = Debug|Any CPU
		{D61591FE-A947-41B0-8902-D088DB5794BF}.Debug|Any CPU.Build.0 = Debug|Any CPU
		{D61591FE-A947-41B0-8902-D088DB5794BF}.Release|Any CPU.ActiveCfg = Release|Any CPU
		{D61591FE-A947-41B0-8902-D088DB5794BF}.Release|Any CPU.Build.0 = Release|Any CPU
	EndGlobalSection
	GlobalSection(SolutionProperties) = preSolution
		HideSolutionNode = FALSE
	EndGlobalSection
	GlobalSection(ExtensibilityGlobals) = postSolution
		SolutionGuid = {2415D143-E2BA-4C98-B6D5-C9AF60FC3CC0}
	EndGlobalSection
EndGlobal
